
Microsoft Visual Studio Solution File, Format Version 12.00
# Visual Studio Version 16
VisualStudioVersion = 16.0.30128.74
MinimumVisualStudioVersion = 10.0.40219.1
Project("{FAE04EC0-301F-11D3-BF4B-00C04F79EFBC}") = "Dodge_Example", "Dodge_Example.csproj", "{0C5EC060-CA65-4937-A4C4-561A1758B1AF}"
EndProject
Global
	GlobalSection(SolutionConfigurationPlatforms) = preSolution
		Debug|Any CPU = Debug|Any CPU
		Release|Any CPU = Release|Any CPU
	EndGlobalSection
	GlobalSection(ProjectConfigurationPlatforms) = postSolution
		{0C5EC060-CA65-4937-A4C4-561A1758B1AF}.Debug|Any CPU.ActiveCfg = Debug|Any CPU
		{0C5EC060-CA65-4937-A4C4-561A1758B1AF}.Debug|Any CPU.Build.0 = Debug|Any CPU
		{0C5EC060-CA65-4937-A4C4-561A1758B1AF}.Release|Any CPU.ActiveCfg = Release|Any CPU
		{0C5EC060-CA65-4937-A4C4-561A1758B1AF}.Release|Any CPU.Build.0 = Release|Any CPU
	EndGlobalSection
	GlobalSection(SolutionProperties) = preSolution
		HideSolutionNode = FALSE
	EndGlobalSection
	GlobalSection(ExtensibilityGlobals) = postSolution
		SolutionGuid = {4E7E161D-9C1E-4D2E-9542-225C0614E7EC}
	EndGlobalSection
EndGlobal
